
Microsoft Visual Studio Solution File, Format Version 12.00
# Visual Studio Version 17
VisualStudioVersion = 17.14.36930.0
MinimumVisualStudioVersion = 10.0.40219.1
Project("{2150E333-8FDC-42A3-9474-1A3956D46DE8}") = "InfrastructureLayer", "InfrastructureLayer", "{02EA681E-C7D8-13C7-8484-4AC65E1B71E8}"
EndProject
Project("{2150E333-8FDC-42A3-9474-1A3956D46DE8}") = "ApplicationCoreLayer", "ApplicationCoreLayer", "{4605EE1E-ADA5-45A3-AD93-26C057A0D574}"
EndProject
Project("{2150E333-8FDC-42A3-9474-1A3956D46DE8}") = "PresentationLayer", "PresentationLayer", "{3E1278A0-567A-4872-A639-A86E44A3DFA4}"
EndProject
Project("{FAE04EC0-301F-11D3-BF4B-00C04F79EFBC}") = "MedicalAssistant.Services Abstraction", "MedicalAssistant.Services Abstraction\MedicalAssistant.Services Abstraction.csproj", "{D9457FC4-4F08-4B61-B1F6-47DC0E643712}"
EndProject
Project("{FAE04EC0-301F-11D3-BF4B-00C04F79EFBC}") = "MedicalAssistant.Domain", "MedicalAssistant.Domain\MedicalAssistant.Domain.csproj", "{B3DF5607-064C-4C62-BD5B-BD6B050E8517}"
EndProject
Project("{FAE04EC0-301F-11D3-BF4B-00C04F79EFBC}") = "MedicalAssistant.Persistance", "MedicalAssistant.Persistance\MedicalAssistant.Persistance.csproj", "{DC8F583B-E985-45D7-B574-10B50F57D1F9}"
EndProject
Project("{FAE04EC0-301F-11D3-BF4B-00C04F79EFBC}") = "MedicalAssistant.Presentation", "MedicalAssistant.Presentation\MedicalAssistant.Presentation.csproj", "{B27CD229-D388-4982-BB14-303F2182360F}"
EndProject
Project("{FAE04EC0-301F-11D3-BF4B-00C04F79EFBC}") = "MedicalAssistant.Shared", "MedicalAssistant.Shared\MedicalAssistant.Shared.csproj", "{0FF575A3-3AA9-41ED-B065-4071AC7AED34}"
EndProject
Project("{FAE04EC0-301F-11D3-BF4B-00C04F79EFBC}") = "MedicalAssistant.Web", "MedicalAssistant.Web\MedicalAssistant.Web.csproj", "{A92C4DA5-2E1D-106E-F69B-9AE40E219C09}"
EndProject
Project("{FAE04EC0-301F-11D3-BF4B-00C04F79EFBC}") = "MedicalAssistant.Services", "MedicalAssistant.Services\MedicalAssistant.Services.csproj", "{6A63AB83-D5D5-49BE-B536-E6D5FF5E1CCF}"
EndProject
Global
	GlobalSection(SolutionConfigurationPlatforms) = preSolution
		Debug|Any CPU = Debug|Any CPU
		Release|Any CPU = Release|Any CPU
	EndGlobalSection
	GlobalSection(ProjectConfigurationPlatforms) = postSolution
		{D9457FC4-4F08-4B61-B1F6-47DC0E643712}.Debug|Any CPU.ActiveCfg = Debug|Any CPU
		{D9457FC4-4F08-4B61-B1F6-47DC0E643712}.Debug|Any CPU.Build.0 = Debug|Any CPU
		{D9457FC4-4F08-4B61-B1F6-47DC0E643712}.Release|Any CPU.ActiveCfg = Release|Any CPU
		{D9457FC4-4F08-4B61-B1F6-47DC0E643712}.Release|Any CPU.Build.0 = Release|Any CPU
		{B3DF5607-064C-4C62-BD5B-BD6B050E8517}.Debug|Any CPU.ActiveCfg = Debug|Any CPU
		{B3DF5607-064C-4C62-BD5B-BD6B050E8517}.Debug|Any CPU.Build.0 = Debug|Any CPU
		{B3DF5607-064C-4C62-BD5B-BD6B050E8517}.Release|Any CPU.ActiveCfg = Release|Any CPU
		{B3DF5607-064C-4C62-BD5B-BD6B050E8517}.Release|Any CPU.Build.0 = Release|Any CPU
		{DC8F583B-E985-45D7-B574-10B50F57D1F9}.Debug|Any CPU.ActiveCfg = Debug|Any CPU
		{DC8F583B-E985-45D7-B574-10B50F57D1F9}.Debug|Any CPU.Build.0 = Debug|Any CPU
		{DC8F583B-E985-45D7-B574-10B50F57D1F9}.Release|Any CPU.ActiveCfg = Release|Any CPU
		{DC8F583B-E985-45D7-B574-10B50F57D1F9}.Release|Any CPU.Build.0 = Release|Any CPU
		{B27CD229-D388-4982-BB14-303F2182360F}.Debug|Any CPU.ActiveCfg = Debug|Any CPU
		{B27CD229-D388-4982-BB14-303F2182360F}.Debug|Any CPU.Build.0 = Debug|Any CPU
		{B27CD229-D388-4982-BB14-303F2182360F}.Release|Any CPU.ActiveCfg = Release|Any CPU
		{B27CD229-D388-4982-BB14-303F2182360F}.Release|Any CPU.Build.0 = Release|Any CPU
		{0FF575A3-3AA9-41ED-B065-4071AC7AED34}.Debug|Any CPU.ActiveCfg = Debug|Any CPU
		{0FF575A3-3AA9-41ED-B065-4071AC7AED34}.Debug|Any CPU.Build.0 = Debug|Any CPU
		{0FF575A3-3AA9-41ED-B065-4071AC7AED34}.Release|Any CPU.ActiveCfg = Release|Any CPU
		{0FF575A3-3AA9-41ED-B065-4071AC7AED34}.Release|Any CPU.Build.0 = Release|Any CPU
		{A92C4DA5-2E1D-106E-F69B-9AE40E219C09}.Debug|Any CPU.ActiveCfg = Debug|Any CPU
		{A92C4DA5-2E1D-106E-F69B-9AE40E219C09}.Debug|Any CPU.Build.0 = Debug|Any CPU
		{A92C4DA5-2E1D-106E-F69B-9AE40E219C09}.Release|Any CPU.ActiveCfg = Release|Any CPU
		{A92C4DA5-2E1D-106E-F69B-9AE40E219C09}.Release|Any CPU.Build.0 = Release|Any CPU
		{6A63AB83-D5D5-49BE-B536-E6D5FF5E1CCF}.Debug|Any CPU.ActiveCfg = Debug|Any CPU
		{6A63AB83-D5D5-49BE-B536-E6D5FF5E1CCF}.Debug|Any CPU.Build.0 = Debug|Any CPU
		{6A63AB83-D5D5-49BE-B536-E6D5FF5E1CCF}.Release|Any CPU.ActiveCfg = Release|Any CPU
		{6A63AB83-D5D5-49BE-B536-E6D5FF5E1CCF}.Release|Any CPU.Build.0 = Release|Any CPU
	EndGlobalSection
	GlobalSection(SolutionProperties) = preSolution
		HideSolutionNode = FALSE
	EndGlobalSection
	GlobalSection(NestedProjects) = preSolution
		{D9457FC4-4F08-4B61-B1F6-47DC0E643712} = {4605EE1E-ADA5-45A3-AD93-26C057A0D574}
		{B3DF5607-064C-4C62-BD5B-BD6B050E8517} = {4605EE1E-ADA5-45A3-AD93-26C057A0D574}
		{DC8F583B-E985-45D7-B574-10B50F57D1F9} = {02EA681E-C7D8-13C7-8484-4AC65E1B71E8}
		{B27CD229-D388-4982-BB14-303F2182360F} = {3E1278A0-567A-4872-A639-A86E44A3DFA4}
		{6A63AB83-D5D5-49BE-B536-E6D5FF5E1CCF} = {4605EE1E-ADA5-45A3-AD93-26C057A0D574}
	EndGlobalSection
	GlobalSection(ExtensibilityGlobals) = postSolution
		SolutionGuid = {D2F5146F-48C8-43FB-B41E-FF6A6EC1EB55}
	EndGlobalSection
EndGlobal
